
Microsoft Visual Studio Solution File, Format Version 12.00
# Visual Studio Version 17
VisualStudioVersion = 17.2.32505.173
MinimumVisualStudioVersion = 10.0.40219.1
Project("{FAE04EC0-301F-11D3-BF4B-00C04F79EFBC}") = "TypingAnSMS", "TypingAnSMS\TypingAnSMS.csproj", "{ECD6A935-DFE6-4D9B-B957-4DD1608F6957}"
EndProject
Global
	GlobalSection(SolutionConfigurationPlatforms) = preSolution
		Debug|Any CPU = Debug|Any CPU
		Release|Any CPU = Release|Any CPU
	EndGlobalSection
	GlobalSection(ProjectConfigurationPlatforms) = postSolution
		{ECD6A935-DFE6-4D9B-B957-4DD1608F6957}.Debug|Any CPU.ActiveCfg = Debug|Any CPU
		{ECD6A935-DFE6-4D9B-B957-4DD1608F6957}.Debug|Any CPU.Build.0 = Debug|Any CPU
		{ECD6A935-DFE6-4D9B-B957-4DD1608F6957}.Release|Any CPU.ActiveCfg = Release|Any CPU
		{ECD6A935-DFE6-4D9B-B957-4DD1608F6957}.Release|Any CPU.Build.0 = Release|Any CPU
	EndGlobalSection
	GlobalSection(SolutionProperties) = preSolution
		HideSolutionNode = FALSE
	EndGlobalSection
	GlobalSection(ExtensibilityGlobals) = postSolution
		SolutionGuid = {358AA598-D729-48E2-8524-F9276F11B925}
	EndGlobalSection
EndGlobal
